// !$*UTF8*$!
{
	archiveVersion = 1;
	classes = {
	};
	objectVersion = 46;
	objects = {

/* Begin PBXBuildFile section */
		097F5426196855FB00BC9A10 /* AppDelegate.applescript in Sources */ = {isa = PBXBuildFile; fileRef = 097F5425196855FB00BC9A10 /* AppDelegate.applescript */; };
		099068B3195D5ED800442FB5 /* Images.xcassets in Resources */ = {isa = PBXBuildFile; fileRef = 099068B2195D5ED800442FB5 /* Images.xcassets */; };
		09947B22195BCABB0005EE4A /* AppleScriptObjC.framework in Frameworks */ = {isa = PBXBuildFile; fileRef = 09947B21195BCABB0005EE4A /* AppleScriptObjC.framework */; };
		09947B28195BCDB30005EE4A /* AppKit.framework in Frameworks */ = {isa = PBXBuildFile; fileRef = 09947B25195BCDB30005EE4A /* AppKit.framework */; };
		09947B29195BCDB30005EE4A /* CoreData.framework in Frameworks */ = {isa = PBXBuildFile; fileRef = 09947B26195BCDB30005EE4A /* CoreData.framework */; };
		09947B2A195BCDB30005EE4A /* Foundation.framework in Frameworks */ = {isa = PBXBuildFile; fileRef = 09947B27195BCDB30005EE4A /* Foundation.framework */; };
		CE0B59EB19D609A200A5C392 /* black.png in Resources */ = {isa = PBXBuildFile; fileRef = CE0B59E819D609A200A5C392 /* black.png */; };
		CE0B59EC19D609A200A5C392 /* gradient.png in Resources */ = {isa = PBXBuildFile; fileRef = CE0B59E919D609A200A5C392 /* gradient.png */; };
		CE0B59ED19D609A200A5C392 /* grey.png in Resources */ = {isa = PBXBuildFile; fileRef = CE0B59EA19D609A200A5C392 /* grey.png */; };
		CE2DF92C1A6AF16300C4FCB2 /* NoMenu.xib in Resources */ = {isa = PBXBuildFile; fileRef = CE2DF92B1A6AF16300C4FCB2 /* NoMenu.xib */; };
		CE3597021A5A154D00A913D4 /* switchIcon.png in Resources */ = {isa = PBXBuildFile; fileRef = CE3597011A5A154D00A913D4 /* switchIcon.png */; };
		CE3597061A5A1B3700A913D4 /* NoMenu.m in Sources */ = {isa = PBXBuildFile; fileRef = CE3597041A5A1B3700A913D4 /* NoMenu.m */; };
		CE373FCC1B34D5D600F5A34C /* custom.png in Resources */ = {isa = PBXBuildFile; fileRef = CE373FCB1B34D5D600F5A34C /* custom.png */; };
		CE8E26D71BF2215F0067F636 /* updateStatus.scpt in Resources */ = {isa = PBXBuildFile; fileRef = CE8E26D61BF2215F0067F636 /* updateStatus.scpt */; settings = {ASSET_TAGS = (); }; };
		CEA6D04F1BE6B4590085DC97 /* downgrade.png in Resources */ = {isa = PBXBuildFile; fileRef = CEA6D04E1BE6B4590085DC97 /* downgrade.png */; };
		CEA6D0531BE6B8310085DC97 /* Xcode_icon.png in Resources */ = {isa = PBXBuildFile; fileRef = CEA6D0521BE6B8310085DC97 /* Xcode_icon.png */; };
		CEA6D0571BE6C8BA0085DC97 /* plex_logo.png in Resources */ = {isa = PBXBuildFile; fileRef = CEA6D0561BE6C8BA0085DC97 /* plex_logo.png */; };
		CEA7DDD21BF2153000F7CEF2 /* intercept.scpt in Resources */ = {isa = PBXBuildFile; fileRef = CEA7DDCC1BF2153000F7CEF2 /* intercept.scpt */; settings = {ASSET_TAGS = (); }; };
		CEA7DDD31BF2153000F7CEF2 /* loginStatus.scpt in Resources */ = {isa = PBXBuildFile; fileRef = CEA7DDCD1BF2153000F7CEF2 /* loginStatus.scpt */; settings = {ASSET_TAGS = (); }; };
		CEA7DDD41BF2153000F7CEF2 /* myplexStatus.scpt in Resources */ = {isa = PBXBuildFile; fileRef = CEA7DDCE1BF2153000F7CEF2 /* myplexStatus.scpt */; settings = {ASSET_TAGS = (); }; };
		CEA7DDD51BF2153000F7CEF2 /* settingsStatus.scpt in Resources */ = {isa = PBXBuildFile; fileRef = CEA7DDCF1BF2153000F7CEF2 /* settingsStatus.scpt */; settings = {ASSET_TAGS = (); }; };
		CEA7DDD61BF2153000F7CEF2 /* trailersStatus.scpt in Resources */ = {isa = PBXBuildFile; fileRef = CEA7DDD01BF2153000F7CEF2 /* trailersStatus.scpt */; settings = {ASSET_TAGS = (); }; };
		CEBC1C7E1A4DC4A80037CEA3 /* Remote.png in Resources */ = {isa = PBXBuildFile; fileRef = CEBC1C7D1A4DC4A80037CEA3 /* Remote.png */; };
		CEBC1C801A4DC4AC0037CEA3 /* AirPlayIcon.png in Resources */ = {isa = PBXBuildFile; fileRef = CEBC1C7F1A4DC4AC0037CEA3 /* AirPlayIcon.png */; };
		CEBEDE911A31473100F60D15 /* update.png in Resources */ = {isa = PBXBuildFile; fileRef = CEBEDE901A31473100F60D15 /* update.png */; };
		CEE3B2911A63725F00D31E5D /* backup.png in Resources */ = {isa = PBXBuildFile; fileRef = CEE3B2901A63725F00D31E5D /* backup.png */; };
		CEFD1C631A62397400396D26 /* Web_Connect.png in Resources */ = {isa = PBXBuildFile; fileRef = CEFD1C621A62397400396D26 /* Web_Connect.png */; };
		DB1A610D1BE7AC620086BEF4 /* post-32985-0-82613200-1295642376.jpg in Resources */ = {isa = PBXBuildFile; fileRef = DB1A610C1BE7AC620086BEF4 /* post-32985-0-82613200-1295642376.jpg */; };
		DB837E941A12732600DED213 /* opicon_<16x16>.png in Resources */ = {isa = PBXBuildFile; fileRef = DB837E8D1A12732600DED213 /* opicon_<16x16>.png */; };
		DB837E951A12732600DED213 /* opicon_<32x32>.png in Resources */ = {isa = PBXBuildFile; fileRef = DB837E8E1A12732600DED213 /* opicon_<32x32>.png */; };
		DB837E961A12732600DED213 /* opicon_<64x64>.png in Resources */ = {isa = PBXBuildFile; fileRef = DB837E8F1A12732600DED213 /* opicon_<64x64>.png */; };
		DB837E971A12732600DED213 /* opicon_<128x128>.png in Resources */ = {isa = PBXBuildFile; fileRef = DB837E901A12732600DED213 /* opicon_<128x128>.png */; };
		DB837E981A12732600DED213 /* opicon_<256x256>.png in Resources */ = {isa = PBXBuildFile; fileRef = DB837E911A12732600DED213 /* opicon_<256x256>.png */; };
		DB837E991A12732600DED213 /* opicon_<512x512>.png in Resources */ = {isa = PBXBuildFile; fileRef = DB837E921A12732600DED213 /* opicon_<512x512>.png */; };
		DB837E9A1A12732600DED213 /* opicon_<1024x1024>.png in Resources */ = {isa = PBXBuildFile; fileRef = DB837E931A12732600DED213 /* opicon_<1024x1024>.png */; };
		DBAFDA521972DCA00099EE6E /* Applelogo.png in Resources */ = {isa = PBXBuildFile; fileRef = DBAFDA2E1972DCA00099EE6E /* Applelogo.png */; };
		DBAFDA531972DCA00099EE6E /* atv.png in Resources */ = {isa = PBXBuildFile; fileRef = DBAFDA2F1972DCA00099EE6E /* atv.png */; };
		DBAFDA591972DCA00099EE6E /* icon_<16x16>.png in Resources */ = {isa = PBXBuildFile; fileRef = DBAFDA351972DCA00099EE6E /* icon_<16x16>.png */; };
		DBAFDA5A1972DCA00099EE6E /* iMovie.png in Resources */ = {isa = PBXBuildFile; fileRef = DBAFDA361972DCA00099EE6E /* iMovie.png */; };
		DBAFDA5D1972DCA00099EE6E /* logplex.png in Resources */ = {isa = PBXBuildFile; fileRef = DBAFDA391972DCA00099EE6E /* logplex.png */; };
		DBAFDA5E1972DCA00099EE6E /* MenuIcon.png in Resources */ = {isa = PBXBuildFile; fileRef = DBAFDA3A1972DCA00099EE6E /* MenuIcon.png */; };
		DBAFDA621972DCA00099EE6E /* Openplex copy.png in Resources */ = {isa = PBXBuildFile; fileRef = DBAFDA3E1972DCA00099EE6E /* Openplex copy.png */; };
		DBAFDA631972DCA00099EE6E /* OpenPlex.png in Resources */ = {isa = PBXBuildFile; fileRef = DBAFDA3F1972DCA00099EE6E /* OpenPlex.png */; };
		DBAFDA661972DCA00099EE6E /* paypal-donate-button.png in Resources */ = {isa = PBXBuildFile; fileRef = DBAFDA421972DCA00099EE6E /* paypal-donate-button.png */; };
		DBAFDA671972DCA00099EE6E /* PlexConnect Icon.png in Resources */ = {isa = PBXBuildFile; fileRef = DBAFDA431972DCA00099EE6E /* PlexConnect Icon.png */; };
		DBAFDA691972DCA00099EE6E /* quitplex.png in Resources */ = {isa = PBXBuildFile; fileRef = DBAFDA451972DCA00099EE6E /* quitplex.png */; };
		DBAFDA6D1972DCA00099EE6E /* startplex.png in Resources */ = {isa = PBXBuildFile; fileRef = DBAFDA491972DCA00099EE6E /* startplex.png */; };
		DBAFDA6E1972DCA00099EE6E /* stopplex.png in Resources */ = {isa = PBXBuildFile; fileRef = DBAFDA4A1972DCA00099EE6E /* stopplex.png */; };
		DBAFDA6F1972DCA00099EE6E /* Trailers.png in Resources */ = {isa = PBXBuildFile; fileRef = DBAFDA4B1972DCA00099EE6E /* Trailers.png */; };
		DBAFDA731972DCA00099EE6E /* updateplex.png in Resources */ = {isa = PBXBuildFile; fileRef = DBAFDA4F1972DCA00099EE6E /* updateplex.png */; };
		DBAFDA741972DCA00099EE6E /* WebConnect.png in Resources */ = {isa = PBXBuildFile; fileRef = DBAFDA501972DCA00099EE6E /* WebConnect.png */; };
		DBAFDA751972DCA00099EE6E /* WSJ.png in Resources */ = {isa = PBXBuildFile; fileRef = DBAFDA511972DCA00099EE6E /* WSJ.png */; };
		DBD4AF371A06227500480691 /* OP-Logo.png in Resources */ = {isa = PBXBuildFile; fileRef = DBD4AF361A06227500480691 /* OP-Logo.png */; };
		DBE18B1F1A9489F1006FB774 /* wifi.png in Resources */ = {isa = PBXBuildFile; fileRef = DBE18B1D1A9489F1006FB774 /* wifi.png */; };
		DBE18B201A9489F1006FB774 /* world.png in Resources */ = {isa = PBXBuildFile; fileRef = DBE18B1E1A9489F1006FB774 /* world.png */; };
		DD4F7C0913C30F9F00825C6E /* Cocoa.framework in Frameworks */ = {isa = PBXBuildFile; fileRef = DD4F7C0813C30F9F00825C6E /* Cocoa.framework */; };
		DD4F7C1513C30F9F00825C6E /* main.m in Sources */ = {isa = PBXBuildFile; fileRef = DD4F7C1413C30F9F00825C6E /* main.m */; };
		DD4F7C1C13C30F9F00825C6E /* ApplicationDelegate.m in Sources */ = {isa = PBXBuildFile; fileRef = DD4F7C1B13C30F9F00825C6E /* ApplicationDelegate.m */; };
		DD4F7C1F13C30F9F00825C6E /* MainMenu.xib in Resources */ = {isa = PBXBuildFile; fileRef = DD4F7C1D13C30F9F00825C6E /* MainMenu.xib */; };
		DD4F7C3C13C3180800825C6E /* StatusItemView.m in Sources */ = {isa = PBXBuildFile; fileRef = DD4F7C3B13C3180800825C6E /* StatusItemView.m */; };
		DD4F7C4113C31B4A00825C6E /* Panel.xib in Resources */ = {isa = PBXBuildFile; fileRef = DD4F7C4013C31B4A00825C6E /* Panel.xib */; };
		DD4F7C4413C31BD200825C6E /* Panel.m in Sources */ = {isa = PBXBuildFile; fileRef = DD4F7C4313C31BD200825C6E /* Panel.m */; };
		DD4F7C4713C3208500825C6E /* BackgroundView.m in Sources */ = {isa = PBXBuildFile; fileRef = DD4F7C4613C3208500825C6E /* BackgroundView.m */; };
		DD4F7C4B13C322FA00825C6E /* Status.png in Resources */ = {isa = PBXBuildFile; fileRef = DD4F7C4913C322FA00825C6E /* Status.png */; };
		DD4F7C4C13C322FA00825C6E /* StatusHighlighted.png in Resources */ = {isa = PBXBuildFile; fileRef = DD4F7C4A13C322FA00825C6E /* StatusHighlighted.png */; };
		DDF4EFAC16C80A510044D141 /* Status@2x.png in Resources */ = {isa = PBXBuildFile; fileRef = DDF4EFAB16C80A510044D141 /* Status@2x.png */; };
		DDF4EFAE16C80AD30044D141 /* StatusHighlighted@2x.png in Resources */ = {isa = PBXBuildFile; fileRef = DDF4EFAD16C80AD30044D141 /* StatusHighlighted@2x.png */; };
/* End PBXBuildFile section */

/* Begin PBXFileReference section */
		097F5425196855FB00BC9A10 /* AppDelegate.applescript */ = {isa = PBXFileReference; fileEncoding = 4; lastKnownFileType = sourcecode.applescript; name = AppDelegate.applescript; path = "../OpenPlex 0.2/AppDelegate.applescript"; sourceTree = "<group>"; };
		099068B2195D5ED800442FB5 /* Images.xcassets */ = {isa = PBXFileReference; lastKnownFileType = folder.assetcatalog; name = Images.xcassets; path = OpenPlex/Images.xcassets; sourceTree = "<group>"; };
		09947B21195BCABB0005EE4A /* AppleScriptObjC.framework */ = {isa = PBXFileReference; lastKnownFileType = wrapper.framework; name = AppleScriptObjC.framework; path = System/Library/Frameworks/AppleScriptObjC.framework; sourceTree = SDKROOT; };
		09947B25195BCDB30005EE4A /* AppKit.framework */ = {isa = PBXFileReference; lastKnownFileType = wrapper.framework; name = AppKit.framework; path = System/Library/Frameworks/AppKit.framework; sourceTree = SDKROOT; };
		09947B26195BCDB30005EE4A /* CoreData.framework */ = {isa = PBXFileReference; lastKnownFileType = wrapper.framework; name = CoreData.framework; path = System/Library/Frameworks/CoreData.framework; sourceTree = SDKROOT; };
		09947B27195BCDB30005EE4A /* Foundation.framework */ = {isa = PBXFileReference; lastKnownFileType = wrapper.framework; name = Foundation.framework; path = System/Library/Frameworks/Foundation.framework; sourceTree = SDKROOT; };
		CE0B59E819D609A200A5C392 /* black.png */ = {isa = PBXFileReference; lastKnownFileType = image.png; path = black.png; sourceTree = "<group>"; };
		CE0B59E919D609A200A5C392 /* gradient.png */ = {isa = PBXFileReference; lastKnownFileType = image.png; path = gradient.png; sourceTree = "<group>"; };
		CE0B59EA19D609A200A5C392 /* grey.png */ = {isa = PBXFileReference; lastKnownFileType = image.png; path = grey.png; sourceTree = "<group>"; };
		CE2DF92B1A6AF16300C4FCB2 /* NoMenu.xib */ = {isa = PBXFileReference; fileEncoding = 4; lastKnownFileType = file.xib; path = NoMenu.xib; sourceTree = "<group>"; };
		CE3597011A5A154D00A913D4 /* switchIcon.png */ = {isa = PBXFileReference; lastKnownFileType = image.png; name = switchIcon.png; path = popup/switchIcon.png; sourceTree = "<group>"; };
		CE3597031A5A1B3700A913D4 /* NoMenu.h */ = {isa = PBXFileReference; fileEncoding = 4; lastKnownFileType = sourcecode.c.h; name = NoMenu.h; path = OpenPlex/NoMenu.h; sourceTree = SOURCE_ROOT; };
		CE3597041A5A1B3700A913D4 /* NoMenu.m */ = {isa = PBXFileReference; fileEncoding = 4; lastKnownFileType = sourcecode.c.objc; name = NoMenu.m; path = OpenPlex/NoMenu.m; sourceTree = SOURCE_ROOT; };
		CE373FCB1B34D5D600F5A34C /* custom.png */ = {isa = PBXFileReference; lastKnownFileType = image.png; path = custom.png; sourceTree = "<group>"; };
		CE8E26D61BF2215F0067F636 /* updateStatus.scpt */ = {isa = PBXFileReference; lastKnownFileType = file; path = updateStatus.scpt; sourceTree = "<group>"; };
		CEA6D04E1BE6B4590085DC97 /* downgrade.png */ = {isa = PBXFileReference; lastKnownFileType = image.png; path = downgrade.png; sourceTree = "<group>"; };
		CEA6D0521BE6B8310085DC97 /* Xcode_icon.png */ = {isa = PBXFileReference; lastKnownFileType = image.png; path = Xcode_icon.png; sourceTree = "<group>"; };
		CEA6D0561BE6C8BA0085DC97 /* plex_logo.png */ = {isa = PBXFileReference; lastKnownFileType = image.png; path = plex_logo.png; sourceTree = "<group>"; };
		CEA7DDCC1BF2153000F7CEF2 /* intercept.scpt */ = {isa = PBXFileReference; lastKnownFileType = file; path = intercept.scpt; sourceTree = "<group>"; };
		CEA7DDCD1BF2153000F7CEF2 /* loginStatus.scpt */ = {isa = PBXFileReference; lastKnownFileType = file; path = loginStatus.scpt; sourceTree = "<group>"; };
		CEA7DDCE1BF2153000F7CEF2 /* myplexStatus.scpt */ = {isa = PBXFileReference; lastKnownFileType = file; path = myplexStatus.scpt; sourceTree = "<group>"; };
		CEA7DDCF1BF2153000F7CEF2 /* settingsStatus.scpt */ = {isa = PBXFileReference; lastKnownFileType = file; path = settingsStatus.scpt; sourceTree = "<group>"; };
		CEA7DDD01BF2153000F7CEF2 /* trailersStatus.scpt */ = {isa = PBXFileReference; lastKnownFileType = file; path = trailersStatus.scpt; sourceTree = "<group>"; };
		CEBC1C7D1A4DC4A80037CEA3 /* Remote.png */ = {isa = PBXFileReference; lastKnownFileType = image.png; path = Remote.png; sourceTree = "<group>"; };
		CEBC1C7F1A4DC4AC0037CEA3 /* AirPlayIcon.png */ = {isa = PBXFileReference; lastKnownFileType = image.png; path = AirPlayIcon.png; sourceTree = "<group>"; };
		CEBEDE901A31473100F60D15 /* update.png */ = {isa = PBXFileReference; lastKnownFileType = image.png; path = update.png; sourceTree = "<group>"; };
		CEE3B2901A63725F00D31E5D /* backup.png */ = {isa = PBXFileReference; lastKnownFileType = image.png; path = backup.png; sourceTree = "<group>"; };
		CEFD1C621A62397400396D26 /* Web_Connect.png */ = {isa = PBXFileReference; lastKnownFileType = image.png; path = Web_Connect.png; sourceTree = "<group>"; };
		DB1A610C1BE7AC620086BEF4 /* post-32985-0-82613200-1295642376.jpg */ = {isa = PBXFileReference; lastKnownFileType = image.jpeg; path = "post-32985-0-82613200-1295642376.jpg"; sourceTree = "<group>"; };
		DB837E8D1A12732600DED213 /* opicon_<16x16>.png */ = {isa = PBXFileReference; lastKnownFileType = image.png; path = "opicon_<16x16>.png"; sourceTree = "<group>"; };
		DB837E8E1A12732600DED213 /* opicon_<32x32>.png */ = {isa = PBXFileReference; lastKnownFileType = image.png; path = "opicon_<32x32>.png"; sourceTree = "<group>"; };
		DB837E8F1A12732600DED213 /* opicon_<64x64>.png */ = {isa = PBXFileReference; lastKnownFileType = image.png; path = "opicon_<64x64>.png"; sourceTree = "<group>"; };
		DB837E901A12732600DED213 /* opicon_<128x128>.png */ = {isa = PBXFileReference; lastKnownFileType = image.png; path = "opicon_<128x128>.png"; sourceTree = "<group>"; };
		DB837E911A12732600DED213 /* opicon_<256x256>.png */ = {isa = PBXFileReference; lastKnownFileType = image.png; path = "opicon_<256x256>.png"; sourceTree = "<group>"; };
		DB837E921A12732600DED213 /* opicon_<512x512>.png */ = {isa = PBXFileReference; lastKnownFileType = image.png; path = "opicon_<512x512>.png"; sourceTree = "<group>"; };
		DB837E931A12732600DED213 /* opicon_<1024x1024>.png */ = {isa = PBXFileReference; lastKnownFileType = image.png; path = "opicon_<1024x1024>.png"; sourceTree = "<group>"; };
		DBAFDA2E1972DCA00099EE6E /* Applelogo.png */ = {isa = PBXFileReference; lastKnownFileType = image.png; path = Applelogo.png; sourceTree = "<group>"; };
		DBAFDA2F1972DCA00099EE6E /* atv.png */ = {isa = PBXFileReference; lastKnownFileType = image.png; path = atv.png; sourceTree = "<group>"; };
		DBAFDA351972DCA00099EE6E /* icon_<16x16>.png */ = {isa = PBXFileReference; lastKnownFileType = image.png; path = "icon_<16x16>.png"; sourceTree = "<group>"; };
		DBAFDA361972DCA00099EE6E /* iMovie.png */ = {isa = PBXFileReference; lastKnownFileType = image.png; path = iMovie.png; sourceTree = "<group>"; };
		DBAFDA391972DCA00099EE6E /* logplex.png */ = {isa = PBXFileReference; lastKnownFileType = image.png; path = logplex.png; sourceTree = "<group>"; };
		DBAFDA3A1972DCA00099EE6E /* MenuIcon.png */ = {isa = PBXFileReference; lastKnownFileType = image.png; path = MenuIcon.png; sourceTree = "<group>"; };
		DBAFDA3E1972DCA00099EE6E /* Openplex copy.png */ = {isa = PBXFileReference; lastKnownFileType = image.png; path = "Openplex copy.png"; sourceTree = "<group>"; };
		DBAFDA3F1972DCA00099EE6E /* OpenPlex.png */ = {isa = PBXFileReference; lastKnownFileType = image.png; path = OpenPlex.png; sourceTree = "<group>"; };
		DBAFDA421972DCA00099EE6E /* paypal-donate-button.png */ = {isa = PBXFileReference; lastKnownFileType = image.png; path = "paypal-donate-button.png"; sourceTree = "<group>"; };
		DBAFDA431972DCA00099EE6E /* PlexConnect Icon.png */ = {isa = PBXFileReference; lastKnownFileType = image.png; path = "PlexConnect Icon.png"; sourceTree = "<group>"; };
		DBAFDA451972DCA00099EE6E /* quitplex.png */ = {isa = PBXFileReference; lastKnownFileType = image.png; path = quitplex.png; sourceTree = "<group>"; };
		DBAFDA491972DCA00099EE6E /* startplex.png */ = {isa = PBXFileReference; lastKnownFileType = image.png; path = startplex.png; sourceTree = "<group>"; };
		DBAFDA4A1972DCA00099EE6E /* stopplex.png */ = {isa = PBXFileReference; lastKnownFileType = image.png; path = stopplex.png; sourceTree = "<group>"; };
		DBAFDA4B1972DCA00099EE6E /* Trailers.png */ = {isa = PBXFileReference; lastKnownFileType = image.png; path = Trailers.png; sourceTree = "<group>"; };
		DBAFDA4F1972DCA00099EE6E /* updateplex.png */ = {isa = PBXFileReference; lastKnownFileType = image.png; path = updateplex.png; sourceTree = "<group>"; };
		DBAFDA501972DCA00099EE6E /* WebConnect.png */ = {isa = PBXFileReference; lastKnownFileType = image.png; path = WebConnect.png; sourceTree = "<group>"; };
		DBAFDA511972DCA00099EE6E /* WSJ.png */ = {isa = PBXFileReference; lastKnownFileType = image.png; path = WSJ.png; sourceTree = "<group>"; };
		DBD4AF361A06227500480691 /* OP-Logo.png */ = {isa = PBXFileReference; lastKnownFileType = image.png; path = "OP-Logo.png"; sourceTree = "<group>"; };
		DBE18B1D1A9489F1006FB774 /* wifi.png */ = {isa = PBXFileReference; lastKnownFileType = image.png; path = wifi.png; sourceTree = "<group>"; };
		DBE18B1E1A9489F1006FB774 /* world.png */ = {isa = PBXFileReference; lastKnownFileType = image.png; path = world.png; sourceTree = "<group>"; };
		DD4F7C0413C30F9F00825C6E /* OpenPlex.app */ = {isa = PBXFileReference; explicitFileType = wrapper.application; includeInIndex = 0; path = OpenPlex.app; sourceTree = BUILT_PRODUCTS_DIR; };
		DD4F7C0813C30F9F00825C6E /* Cocoa.framework */ = {isa = PBXFileReference; lastKnownFileType = wrapper.framework; name = Cocoa.framework; path = System/Library/Frameworks/Cocoa.framework; sourceTree = SDKROOT; };
		DD4F7C0B13C30F9F00825C6E /* AppKit.framework */ = {isa = PBXFileReference; lastKnownFileType = wrapper.framework; name = AppKit.framework; path = System/Library/Frameworks/AppKit.framework; sourceTree = SDKROOT; };
		DD4F7C0C13C30F9F00825C6E /* CoreData.framework */ = {isa = PBXFileReference; lastKnownFileType = wrapper.framework; name = CoreData.framework; path = System/Library/Frameworks/CoreData.framework; sourceTree = SDKROOT; };
		DD4F7C0D13C30F9F00825C6E /* Foundation.framework */ = {isa = PBXFileReference; lastKnownFileType = wrapper.framework; name = Foundation.framework; path = System/Library/Frameworks/Foundation.framework; sourceTree = SDKROOT; };
		DD4F7C1013C30F9F00825C6E /* OpenPlex-Info.plist */ = {isa = PBXFileReference; lastKnownFileType = text.plist.xml; name = "OpenPlex-Info.plist"; path = "Popup/OpenPlex-Info.plist"; sourceTree = "<group>"; };
		DD4F7C1413C30F9F00825C6E /* main.m */ = {isa = PBXFileReference; lastKnownFileType = sourcecode.c.objc; path = main.m; sourceTree = "<group>"; };
		DD4F7C1613C30F9F00825C6E /* OpenPlex-Prefix.pch */ = {isa = PBXFileReference; lastKnownFileType = sourcecode.c.h; path = "OpenPlex-Prefix.pch"; sourceTree = "<group>"; };
		DD4F7C1A13C30F9F00825C6E /* ApplicationDelegate.h */ = {isa = PBXFileReference; lastKnownFileType = sourcecode.c.h; path = ApplicationDelegate.h; sourceTree = "<group>"; };
		DD4F7C1B13C30F9F00825C6E /* ApplicationDelegate.m */ = {isa = PBXFileReference; lastKnownFileType = sourcecode.c.objc; path = ApplicationDelegate.m; sourceTree = "<group>"; };
		DD4F7C1E13C30F9F00825C6E /* en */ = {isa = PBXFileReference; lastKnownFileType = file.xib; name = en; path = en.lproj/MainMenu.xib; sourceTree = "<group>"; };
		DD4F7C3A13C3180800825C6E /* StatusItemView.h */ = {isa = PBXFileReference; fileEncoding = 4; lastKnownFileType = sourcecode.c.h; path = StatusItemView.h; sourceTree = "<group>"; };
		DD4F7C3B13C3180800825C6E /* StatusItemView.m */ = {isa = PBXFileReference; fileEncoding = 4; lastKnownFileType = sourcecode.c.objc; path = StatusItemView.m; sourceTree = "<group>"; };
		DD4F7C4013C31B4A00825C6E /* Panel.xib */ = {isa = PBXFileReference; fileEncoding = 4; lastKnownFileType = file.xib; name = Panel.xib; path = Popup/Panel.xib; sourceTree = "<group>"; };
		DD4F7C4213C31BD200825C6E /* Panel.h */ = {isa = PBXFileReference; fileEncoding = 4; lastKnownFileType = sourcecode.c.h; path = Panel.h; sourceTree = "<group>"; };
		DD4F7C4313C31BD200825C6E /* Panel.m */ = {isa = PBXFileReference; fileEncoding = 4; lastKnownFileType = sourcecode.c.objc; path = Panel.m; sourceTree = "<group>"; };
		DD4F7C4513C3208500825C6E /* BackgroundView.h */ = {isa = PBXFileReference; fileEncoding = 4; lastKnownFileType = sourcecode.c.h; path = BackgroundView.h; sourceTree = "<group>"; };
		DD4F7C4613C3208500825C6E /* BackgroundView.m */ = {isa = PBXFileReference; fileEncoding = 4; lastKnownFileType = sourcecode.c.objc; path = BackgroundView.m; sourceTree = "<group>"; };
		DD4F7C4913C322FA00825C6E /* Status.png */ = {isa = PBXFileReference; lastKnownFileType = image.png; name = Status.png; path = Popup/Status.png; sourceTree = "<group>"; };
		DD4F7C4A13C322FA00825C6E /* StatusHighlighted.png */ = {isa = PBXFileReference; lastKnownFileType = image.png; name = StatusHighlighted.png; path = Popup/StatusHighlighted.png; sourceTree = "<group>"; };
		DDF4EFAB16C80A510044D141 /* Status@2x.png */ = {isa = PBXFileReference; lastKnownFileType = image.png; name = "Status@2x.png"; path = "Popup/Status@2x.png"; sourceTree = "<group>"; };
		DDF4EFAD16C80AD30044D141 /* StatusHighlighted@2x.png */ = {isa = PBXFileReference; lastKnownFileType = image.png; name = "StatusHighlighted@2x.png"; path = "Popup/StatusHighlighted@2x.png"; sourceTree = "<group>"; };
/* End PBXFileReference section */

/* Begin PBXFrameworksBuildPhase section */
		DD4F7C0113C30F9F00825C6E /* Frameworks */ = {
			isa = PBXFrameworksBuildPhase;
			buildActionMask = 2147483647;
			files = (
				09947B2A195BCDB30005EE4A /* Foundation.framework in Frameworks */,
				09947B28195BCDB30005EE4A /* AppKit.framework in Frameworks */,
				09947B29195BCDB30005EE4A /* CoreData.framework in Frameworks */,
				09947B22195BCABB0005EE4A /* AppleScriptObjC.framework in Frameworks */,
				DD4F7C0913C30F9F00825C6E /* Cocoa.framework in Frameworks */,
			);
			runOnlyForDeploymentPostprocessing = 0;
		};
/* End PBXFrameworksBuildPhase section */

/* Begin PBXGroup section */
		09947B00195BC8C00005EE4A /* OpenPlex 0.3.4 */ = {
			isa = PBXGroup;
			children = (
				DD4F7C0F13C30F9F00825C6E /* Supporting Files */,
				DBAFDA2D1972DCA00099EE6E /* OpenPlexIcons */,
			);
			name = "OpenPlex 0.3.4";
			sourceTree = "<group>";
		};
		09947B24195BCD950005EE4A /* Other Frameworks */ = {
			isa = PBXGroup;
			children = (
				09947B25195BCDB30005EE4A /* AppKit.framework */,
				09947B26195BCDB30005EE4A /* CoreData.framework */,
				09947B27195BCDB30005EE4A /* Foundation.framework */,
			);
			name = "Other Frameworks";
			sourceTree = "<group>";
		};
		5D51518F1A6F81B3007C390C /* scripts */ = {
			isa = PBXGroup;
			children = (
				CEA7DDCC1BF2153000F7CEF2 /* intercept.scpt */,
				CEA7DDCD1BF2153000F7CEF2 /* loginStatus.scpt */,
				CEA7DDCE1BF2153000F7CEF2 /* myplexStatus.scpt */,
				CEA7DDCF1BF2153000F7CEF2 /* settingsStatus.scpt */,
				CEA7DDD01BF2153000F7CEF2 /* trailersStatus.scpt */,
				CE8E26D61BF2215F0067F636 /* updateStatus.scpt */,
			);
			path = scripts;
			sourceTree = "<group>";
		};
		CEE1E71F1A6EC8F300B25DC1 /* Other Controllers */ = {
			isa = PBXGroup;
			children = (
			);
			name = "Other Controllers";
			sourceTree = "<group>";
		};
		CEE1E7201A6ECC1100B25DC1 /* Old XIBs */ = {
			isa = PBXGroup;
			children = (
				DD4F7C4013C31B4A00825C6E /* Panel.xib */,
				DD4F7C1D13C30F9F00825C6E /* MainMenu.xib */,
			);
			name = "Old XIBs";
			sourceTree = "<group>";
		};
		DBAFDA2D1972DCA00099EE6E /* OpenPlexIcons */ = {
			isa = PBXGroup;
			children = (
				DB1A610C1BE7AC620086BEF4 /* post-32985-0-82613200-1295642376.jpg */,
				CEA6D0561BE6C8BA0085DC97 /* plex_logo.png */,
				CEA6D0521BE6B8310085DC97 /* Xcode_icon.png */,
				CEA6D04E1BE6B4590085DC97 /* downgrade.png */,
				CE373FCB1B34D5D600F5A34C /* custom.png */,
				DBE18B1D1A9489F1006FB774 /* wifi.png */,
				DBE18B1E1A9489F1006FB774 /* world.png */,
				CEE3B2901A63725F00D31E5D /* backup.png */,
				CEFD1C621A62397400396D26 /* Web_Connect.png */,
				CEBC1C7D1A4DC4A80037CEA3 /* Remote.png */,
				CEBC1C7F1A4DC4AC0037CEA3 /* AirPlayIcon.png */,
				DB837E8D1A12732600DED213 /* opicon_<16x16>.png */,
				DB837E8E1A12732600DED213 /* opicon_<32x32>.png */,
				DB837E8F1A12732600DED213 /* opicon_<64x64>.png */,
				DB837E901A12732600DED213 /* opicon_<128x128>.png */,
				DB837E911A12732600DED213 /* opicon_<256x256>.png */,
				DB837E921A12732600DED213 /* opicon_<512x512>.png */,
				DB837E931A12732600DED213 /* opicon_<1024x1024>.png */,
				DBD4AF361A06227500480691 /* OP-Logo.png */,
				CE0B59E819D609A200A5C392 /* black.png */,
				CE0B59E919D609A200A5C392 /* gradient.png */,
				CE0B59EA19D609A200A5C392 /* grey.png */,
				DBAFDA2E1972DCA00099EE6E /* Applelogo.png */,
				DBAFDA2F1972DCA00099EE6E /* atv.png */,
				DBAFDA351972DCA00099EE6E /* icon_<16x16>.png */,
				CEBEDE901A31473100F60D15 /* update.png */,
				DBAFDA361972DCA00099EE6E /* iMovie.png */,
				DBAFDA391972DCA00099EE6E /* logplex.png */,
				DBAFDA3A1972DCA00099EE6E /* MenuIcon.png */,
				DBAFDA3E1972DCA00099EE6E /* Openplex copy.png */,
				DBAFDA3F1972DCA00099EE6E /* OpenPlex.png */,
				DBAFDA421972DCA00099EE6E /* paypal-donate-button.png */,
				DBAFDA431972DCA00099EE6E /* PlexConnect Icon.png */,
				DBAFDA451972DCA00099EE6E /* quitplex.png */,
				DBAFDA491972DCA00099EE6E /* startplex.png */,
				DBAFDA4A1972DCA00099EE6E /* stopplex.png */,
				DBAFDA4B1972DCA00099EE6E /* Trailers.png */,
				DBAFDA4F1972DCA00099EE6E /* updateplex.png */,
				DBAFDA501972DCA00099EE6E /* WebConnect.png */,
				DBAFDA511972DCA00099EE6E /* WSJ.png */,
			);
			path = OpenPlexIcons;
			sourceTree = "<group>";
		};
		DD4F7BF913C30F9F00825C6E = {
			isa = PBXGroup;
			children = (
				099068B2195D5ED800442FB5 /* Images.xcassets */,
				09947B24195BCD950005EE4A /* Other Frameworks */,
				09947B00195BC8C00005EE4A /* OpenPlex 0.3.4 */,
				5D51518F1A6F81B3007C390C /* scripts */,
				DD4F7C0E13C30F9F00825C6E /* Sources */,
				DD4F7C2813C3123E00825C6E /* User Interface */,
				DD4F7C0713C30F9F00825C6E /* Frameworks */,
				DD4F7C0513C30F9F00825C6E /* Products */,
				DD4F7C1013C30F9F00825C6E /* OpenPlex-Info.plist */,
			);
			sourceTree = "<group>";
		};
		DD4F7C0513C30F9F00825C6E /* Products */ = {
			isa = PBXGroup;
			children = (
				DD4F7C0413C30F9F00825C6E /* OpenPlex.app */,
			);
			name = Products;
			sourceTree = "<group>";
		};
		DD4F7C0713C30F9F00825C6E /* Frameworks */ = {
			isa = PBXGroup;
			children = (
				09947B21195BCABB0005EE4A /* AppleScriptObjC.framework */,
				DD4F7C0B13C30F9F00825C6E /* AppKit.framework */,
				DD4F7C0C13C30F9F00825C6E /* CoreData.framework */,
				DD4F7C0D13C30F9F00825C6E /* Foundation.framework */,
				DD4F7C0813C30F9F00825C6E /* Cocoa.framework */,
			);
			name = Frameworks;
			sourceTree = "<group>";
		};
		DD4F7C0E13C30F9F00825C6E /* Sources */ = {
			isa = PBXGroup;
			children = (
				097F5425196855FB00BC9A10 /* AppDelegate.applescript */,
				DD4F7C2613C311DF00825C6E /* OpenPlex Controllers */,
				CEE1E71F1A6EC8F300B25DC1 /* Other Controllers */,
				DD4F7C3913C317EC00825C6E /* Views */,
			);
			name = Sources;
			path = Popup;
			sourceTree = "<group>";
		};
		DD4F7C0F13C30F9F00825C6E /* Supporting Files */ = {
			isa = PBXGroup;
			children = (
				DD4F7C1613C30F9F00825C6E /* OpenPlex-Prefix.pch */,
				DD4F7C1413C30F9F00825C6E /* main.m */,
			);
			name = "Supporting Files";
			path = Popup;
			sourceTree = "<group>";
		};
		DD4F7C2613C311DF00825C6E /* OpenPlex Controllers */ = {
			isa = PBXGroup;
			children = (
				DD4F7C1A13C30F9F00825C6E /* ApplicationDelegate.h */,
				DD4F7C1B13C30F9F00825C6E /* ApplicationDelegate.m */,
				CE3597031A5A1B3700A913D4 /* NoMenu.h */,
				CE3597041A5A1B3700A913D4 /* NoMenu.m */,
			);
			name = "OpenPlex Controllers";
			sourceTree = "<group>";
		};
		DD4F7C2813C3123E00825C6E /* User Interface */ = {
			isa = PBXGroup;
			children = (
				DD4F7C2913C3124300825C6E /* XIBs */,
				CEE1E7201A6ECC1100B25DC1 /* Old XIBs */,
			);
			name = "User Interface";
			sourceTree = "<group>";
		};
		DD4F7C2913C3124300825C6E /* XIBs */ = {
			isa = PBXGroup;
			children = (
				CE2DF92B1A6AF16300C4FCB2 /* NoMenu.xib */,
				DD4F7C4813C322D800825C6E /* Graphics */,
			);
			name = XIBs;
			sourceTree = "<group>";
		};
		DD4F7C3913C317EC00825C6E /* Views */ = {
			isa = PBXGroup;
			children = (
				DD4F7C4213C31BD200825C6E /* Panel.h */,
				DD4F7C4313C31BD200825C6E /* Panel.m */,
				DD4F7C3A13C3180800825C6E /* StatusItemView.h */,
				DD4F7C3B13C3180800825C6E /* StatusItemView.m */,
				DD4F7C4513C3208500825C6E /* BackgroundView.h */,
				DD4F7C4613C3208500825C6E /* BackgroundView.m */,
			);
			name = Views;
			sourceTree = "<group>";
		};
		DD4F7C4813C322D800825C6E /* Graphics */ = {
			isa = PBXGroup;
			children = (
				CE3597011A5A154D00A913D4 /* switchIcon.png */,
				DD4F7C4913C322FA00825C6E /* Status.png */,
				DDF4EFAB16C80A510044D141 /* Status@2x.png */,
				DD4F7C4A13C322FA00825C6E /* StatusHighlighted.png */,
				DDF4EFAD16C80AD30044D141 /* StatusHighlighted@2x.png */,
			);
			name = Graphics;
			sourceTree = "<group>";
		};
/* End PBXGroup section */

/* Begin PBXNativeTarget section */
		DD4F7C0313C30F9F00825C6E /* OpenPlex */ = {
			isa = PBXNativeTarget;
			buildConfigurationList = DD4F7C2213C30F9F00825C6E /* Build configuration list for PBXNativeTarget "OpenPlex" */;
			buildPhases = (
				DD4F7C0013C30F9F00825C6E /* Sources */,
				DD4F7C0113C30F9F00825C6E /* Frameworks */,
				DD4F7C0213C30F9F00825C6E /* Resources */,
			);
			buildRules = (
			);
			dependencies = (
			);
			name = OpenPlex;
			productName = Popup;
			productReference = DD4F7C0413C30F9F00825C6E /* OpenPlex.app */;
			productType = "com.apple.product-type.application";
		};
/* End PBXNativeTarget section */

/* Begin PBXProject section */
		DD4F7BFB13C30F9F00825C6E /* Project object */ = {
			isa = PBXProject;
			attributes = {
				LastUpgradeCheck = 0600;
			};
			buildConfigurationList = DD4F7BFE13C30F9F00825C6E /* Build configuration list for PBXProject "OpenPlex" */;
			compatibilityVersion = "Xcode 3.2";
			developmentRegion = English;
			hasScannedForEncodings = 0;
			knownRegions = (
				en,
			);
			mainGroup = DD4F7BF913C30F9F00825C6E;
			productRefGroup = DD4F7C0513C30F9F00825C6E /* Products */;
			projectDirPath = "";
			projectRoot = "";
			targets = (
				DD4F7C0313C30F9F00825C6E /* OpenPlex */,
			);
		};
/* End PBXProject section */

/* Begin PBXResourcesBuildPhase section */
		DD4F7C0213C30F9F00825C6E /* Resources */ = {
			isa = PBXResourcesBuildPhase;
			buildActionMask = 2147483647;
			files = (
				CEBEDE911A31473100F60D15 /* update.png in Resources */,
				DB837E9A1A12732600DED213 /* opicon_<1024x1024>.png in Resources */,
				DBAFDA751972DCA00099EE6E /* WSJ.png in Resources */,
				CE8E26D71BF2215F0067F636 /* updateStatus.scpt in Resources */,
				DBAFDA671972DCA00099EE6E /* PlexConnect Icon.png in Resources */,
				DB837E941A12732600DED213 /* opicon_<16x16>.png in Resources */,
				099068B3195D5ED800442FB5 /* Images.xcassets in Resources */,
				CE3597021A5A154D00A913D4 /* switchIcon.png in Resources */,
				DBAFDA5E1972DCA00099EE6E /* MenuIcon.png in Resources */,
				DB837E961A12732600DED213 /* opicon_<64x64>.png in Resources */,
				DB837E951A12732600DED213 /* opicon_<32x32>.png in Resources */,
				DB837E991A12732600DED213 /* opicon_<512x512>.png in Resources */,
				CE0B59EC19D609A200A5C392 /* gradient.png in Resources */,
				DD4F7C1F13C30F9F00825C6E /* MainMenu.xib in Resources */,
				CE2DF92C1A6AF16300C4FCB2 /* NoMenu.xib in Resources */,
				DD4F7C4113C31B4A00825C6E /* Panel.xib in Resources */,
				DBAFDA521972DCA00099EE6E /* Applelogo.png in Resources */,
				DBAFDA5A1972DCA00099EE6E /* iMovie.png in Resources */,
				CEA7DDD61BF2153000F7CEF2 /* trailersStatus.scpt in Resources */,
				DBAFDA6F1972DCA00099EE6E /* Trailers.png in Resources */,
				DBAFDA741972DCA00099EE6E /* WebConnect.png in Resources */,
				DBAFDA5D1972DCA00099EE6E /* logplex.png in Resources */,
				CEA7DDD31BF2153000F7CEF2 /* loginStatus.scpt in Resources */,
				DD4F7C4B13C322FA00825C6E /* Status.png in Resources */,
				DD4F7C4C13C322FA00825C6E /* StatusHighlighted.png in Resources */,
				DBE18B1F1A9489F1006FB774 /* wifi.png in Resources */,
				DB1A610D1BE7AC620086BEF4 /* post-32985-0-82613200-1295642376.jpg in Resources */,
				CEA6D04F1BE6B4590085DC97 /* downgrade.png in Resources */,
				DBAFDA591972DCA00099EE6E /* icon_<16x16>.png in Resources */,
				CEA7DDD21BF2153000F7CEF2 /* intercept.scpt in Resources */,
				DBAFDA631972DCA00099EE6E /* OpenPlex.png in Resources */,
				CE373FCC1B34D5D600F5A34C /* custom.png in Resources */,
				CEA6D0531BE6B8310085DC97 /* Xcode_icon.png in Resources */,
				CE0B59EB19D609A200A5C392 /* black.png in Resources */,
				DBAFDA691972DCA00099EE6E /* quitplex.png in Resources */,
				DBAFDA531972DCA00099EE6E /* atv.png in Resources */,
				CEBC1C7E1A4DC4A80037CEA3 /* Remote.png in Resources */,
				CE0B59ED19D609A200A5C392 /* grey.png in Resources */,
				CEBC1C801A4DC4AC0037CEA3 /* AirPlayIcon.png in Resources */,
				CEA7DDD51BF2153000F7CEF2 /* settingsStatus.scpt in Resources */,
				DBAFDA621972DCA00099EE6E /* Openplex copy.png in Resources */,
				DDF4EFAC16C80A510044D141 /* Status@2x.png in Resources */,
				DBD4AF371A06227500480691 /* OP-Logo.png in Resources */,
				CEE3B2911A63725F00D31E5D /* backup.png in Resources */,
				DBAFDA661972DCA00099EE6E /* paypal-donate-button.png in Resources */,
				CEFD1C631A62397400396D26 /* Web_Connect.png in Resources */,
				DBAFDA731972DCA00099EE6E /* updateplex.png in Resources */,
				CEA7DDD41BF2153000F7CEF2 /* myplexStatus.scpt in Resources */,
				DBAFDA6E1972DCA00099EE6E /* stopplex.png in Resources */,
				CEA6D0571BE6C8BA0085DC97 /* plex_logo.png in Resources */,
				DBE18B201A9489F1006FB774 /* world.png in Resources */,
				DDF4EFAE16C80AD30044D141 /* StatusHighlighted@2x.png in Resources */,
				DBAFDA6D1972DCA00099EE6E /* startplex.png in Resources */,
				DB837E981A12732600DED213 /* opicon_<256x256>.png in Resources */,
				DB837E971A12732600DED213 /* opicon_<128x128>.png in Resources */,
			);
			runOnlyForDeploymentPostprocessing = 0;
		};
/* End PBXResourcesBuildPhase section */

/* Begin PBXSourcesBuildPhase section */
		DD4F7C0013C30F9F00825C6E /* Sources */ = {
			isa = PBXSourcesBuildPhase;
			buildActionMask = 2147483647;
			files = (
				097F5426196855FB00BC9A10 /* AppDelegate.applescript in Sources */,
				DD4F7C1513C30F9F00825C6E /* main.m in Sources */,
				DD4F7C1C13C30F9F00825C6E /* ApplicationDelegate.m in Sources */,
				CE3597061A5A1B3700A913D4 /* NoMenu.m in Sources */,
				DD4F7C3C13C3180800825C6E /* StatusItemView.m in Sources */,
				DD4F7C4413C31BD200825C6E /* Panel.m in Sources */,
				DD4F7C4713C3208500825C6E /* BackgroundView.m in Sources */,
			);
			runOnlyForDeploymentPostprocessing = 0;
		};
/* End PBXSourcesBuildPhase section */

/* Begin PBXVariantGroup section */
		DD4F7C1D13C30F9F00825C6E /* MainMenu.xib */ = {
			isa = PBXVariantGroup;
			children = (
				DD4F7C1E13C30F9F00825C6E /* en */,
			);
			name = MainMenu.xib;
			path = Popup;
			sourceTree = "<group>";
		};
/* End PBXVariantGroup section */

/* Begin XCBuildConfiguration section */
		DD4F7C2013C30F9F00825C6E /* Debug */ = {
			isa = XCBuildConfiguration;
			buildSettings = {
				ALWAYS_SEARCH_USER_PATHS = NO;
				CLANG_WARN_BOOL_CONVERSION = YES;
				CLANG_WARN_CONSTANT_CONVERSION = YES;
				CLANG_WARN_EMPTY_BODY = YES;
				CLANG_WARN_ENUM_CONVERSION = YES;
				CLANG_WARN_INT_CONVERSION = YES;
				CLANG_WARN_UNREACHABLE_CODE = YES;
				CLANG_WARN__DUPLICATE_METHOD_MATCH = YES;
				COPY_PHASE_STRIP = NO;
				ENABLE_STRICT_OBJC_MSGSEND = YES;
				GCC_C_LANGUAGE_STANDARD = gnu99;
				GCC_DYNAMIC_NO_PIC = NO;
				GCC_ENABLE_OBJC_EXCEPTIONS = YES;
				GCC_OPTIMIZATION_LEVEL = 0;
				GCC_PREPROCESSOR_DEFINITIONS = (
					"DEBUG=1",
					"$(inherited)",
				);
				GCC_SYMBOLS_PRIVATE_EXTERN = NO;
				GCC_VERSION = com.apple.compilers.llvm.clang.1_0;
				GCC_WARN_64_TO_32_BIT_CONVERSION = YES;
				GCC_WARN_ABOUT_MISSING_PROTOTYPES = YES;
				GCC_WARN_ABOUT_RETURN_TYPE = YES;
				GCC_WARN_UNDECLARED_SELECTOR = YES;
				GCC_WARN_UNINITIALIZED_AUTOS = YES;
				GCC_WARN_UNUSED_FUNCTION = YES;
				GCC_WARN_UNUSED_VARIABLE = YES;
				MACOSX_DEPLOYMENT_TARGET = 10.6;
				ONLY_ACTIVE_ARCH = YES;
				SDKROOT = macosx;
			};
			name = Debug;
		};
		DD4F7C2113C30F9F00825C6E /* Release */ = {
			isa = XCBuildConfiguration;
			buildSettings = {
				ALWAYS_SEARCH_USER_PATHS = NO;
				CLANG_WARN_BOOL_CONVERSION = YES;
				CLANG_WARN_CONSTANT_CONVERSION = YES;
				CLANG_WARN_EMPTY_BODY = YES;
				CLANG_WARN_ENUM_CONVERSION = YES;
				CLANG_WARN_INT_CONVERSION = YES;
				CLANG_WARN_UNREACHABLE_CODE = YES;
				CLANG_WARN__DUPLICATE_METHOD_MATCH = YES;
				COPY_PHASE_STRIP = YES;
				DEBUG_INFORMATION_FORMAT = "dwarf-with-dsym";
				ENABLE_STRICT_OBJC_MSGSEND = YES;
				GCC_C_LANGUAGE_STANDARD = gnu99;
				GCC_ENABLE_OBJC_EXCEPTIONS = YES;
				GCC_VERSION = com.apple.compilers.llvm.clang.1_0;
				GCC_WARN_64_TO_32_BIT_CONVERSION = YES;
				GCC_WARN_ABOUT_MISSING_PROTOTYPES = YES;
				GCC_WARN_ABOUT_RETURN_TYPE = YES;
				GCC_WARN_UNDECLARED_SELECTOR = YES;
				GCC_WARN_UNINITIALIZED_AUTOS = YES;
				GCC_WARN_UNUSED_FUNCTION = YES;
				GCC_WARN_UNUSED_VARIABLE = YES;
				MACOSX_DEPLOYMENT_TARGET = 10.6;
				SDKROOT = macosx;
			};
			name = Release;
		};
		DD4F7C2313C30F9F00825C6E /* Debug */ = {
			isa = XCBuildConfiguration;
			buildSettings = {
				ASSETCATALOG_COMPILER_APPICON_NAME = AppIcon;
				CLANG_ENABLE_OBJC_ARC = YES;
				COMBINE_HIDPI_IMAGES = YES;
				GCC_PRECOMPILE_PREFIX_HEADER = YES;
				GCC_PREFIX_HEADER = "Popup/OpenPlex-Prefix.pch";
				INFOPLIST_FILE = "Popup/OpenPlex-Info.plist";
				MACOSX_DEPLOYMENT_TARGET = 10.6;
				PRODUCT_NAME = OpenPlex;
				WRAPPER_EXTENSION = app;
			};
			name = Debug;
		};
		DD4F7C2413C30F9F00825C6E /* Release */ = {
			isa = XCBuildConfiguration;
			buildSettings = {
				ASSETCATALOG_COMPILER_APPICON_NAME = AppIcon;
				CLANG_ENABLE_OBJC_ARC = YES;
				COMBINE_HIDPI_IMAGES = YES;
				GCC_PRECOMPILE_PREFIX_HEADER = YES;
				GCC_PREFIX_HEADER = "Popup/OpenPlex-Prefix.pch";
				INFOPLIST_FILE = "Popup/OpenPlex-Info.plist";
				MACOSX_DEPLOYMENT_TARGET = 10.6;
				PRODUCT_NAME = OpenPlex;
				WRAPPER_EXTENSION = app;
			};
			name = Release;
		};
/* End XCBuildConfiguration section */

/* Begin XCConfigurationList section */
		DD4F7BFE13C30F9F00825C6E /* Build configuration list for PBXProject "OpenPlex" */ = {
			isa = XCConfigurationList;
			buildConfigurations = (
				DD4F7C2013C30F9F00825C6E /* Debug */,
				DD4F7C2113C30F9F00825C6E /* Release */,
			);
			defaultConfigurationIsVisible = 0;
			defaultConfigurationName = Release;
		};
		DD4F7C2213C30F9F00825C6E /* Build configuration list for PBXNativeTarget "OpenPlex" */ = {
			isa = XCConfigurationList;
			buildConfigurations = (
				DD4F7C2313C30F9F00825C6E /* Debug */,
				DD4F7C2413C30F9F00825C6E /* Release */,
			);
			defaultConfigurationIsVisible = 0;
			defaultConfigurationName = Release;
		};
/* End XCConfigurationList section */
	};
	rootObject = DD4F7BFB13C30F9F00825C6E /* Project object */;
}
